
Microsoft Visual Studio Solution File, Format Version 11.00
# Visual Studio 2010
Project("{F184B08F-C81C-45F6-A57F-5ABD9991F28F}") = "C1Test", "C1Test\C1Test.vbproj", "{10B1A10A-549D-45F8-ABDB-304021E17FB8}"
EndProject
Project("{E24C65DC-7377-472B-9ABA-BC803B73C61A}") = "C1TestWebsite", "C1TestWebsite\", "{8E8C23FB-F96D-4302-9349-3D9966EE0D11}"
	ProjectSection(WebsiteProperties) = preProject
		TargetFrameworkMoniker = ".NETFramework,Version%3Dv3.5"
		Debug.AspNetCompiler.VirtualPath = "/C1TestWebsite"
		Debug.AspNetCompiler.PhysicalPath = "C1TestWebsite\"
		Debug.AspNetCompiler.TargetPath = "PrecompiledWeb\C1TestWebsite\"
		Debug.AspNetCompiler.Updateable = "true"
		Debug.AspNetCompiler.ForceOverwrite = "true"
		Debug.AspNetCompiler.FixedNames = "false"
		Debug.AspNetCompiler.Debug = "True"
		Release.AspNetCompiler.VirtualPath = "/C1TestWebsite"
		Release.AspNetCompiler.PhysicalPath = "C1TestWebsite\"
		Release.AspNetCompiler.TargetPath = "PrecompiledWeb\C1TestWebsite\"
		Release.AspNetCompiler.Updateable = "true"
		Release.AspNetCompiler.ForceOverwrite = "true"
		Release.AspNetCompiler.FixedNames = "false"
		Release.AspNetCompiler.Debug = "False"
		VWDPort = "55498"
	EndProjectSection
EndProject
Global
	GlobalSection(SolutionConfigurationPlatforms) = preSolution
		Debug|Any CPU = Debug|Any CPU
		Debug|Mixed Platforms = Debug|Mixed Platforms
		Debug|x86 = Debug|x86
		Release|Any CPU = Release|Any CPU
		Release|Mixed Platforms = Release|Mixed Platforms
		Release|x86 = Release|x86
	EndGlobalSection
	GlobalSection(ProjectConfigurationPlatforms) = postSolution
		{10B1A10A-549D-45F8-ABDB-304021E17FB8}.Debug|Any CPU.ActiveCfg = Debug|x86
		{10B1A10A-549D-45F8-ABDB-304021E17FB8}.Debug|Mixed Platforms.ActiveCfg = Debug|x86
		{10B1A10A-549D-45F8-ABDB-304021E17FB8}.Debug|Mixed Platforms.Build.0 = Debug|x86
		{10B1A10A-549D-45F8-ABDB-304021E17FB8}.Debug|x86.ActiveCfg = Debug|x86
		{10B1A10A-549D-45F8-ABDB-304021E17FB8}.Debug|x86.Build.0 = Debug|x86
		{10B1A10A-549D-45F8-ABDB-304021E17FB8}.Release|Any CPU.ActiveCfg = Release|x86
		{10B1A10A-549D-45F8-ABDB-304021E17FB8}.Release|Mixed Platforms.ActiveCfg = Release|x86
		{10B1A10A-549D-45F8-ABDB-304021E17FB8}.Release|Mixed Platforms.Build.0 = Release|x86
		{10B1A10A-549D-45F8-ABDB-304021E17FB8}.Release|x86.ActiveCfg = Release|x86
		{10B1A10A-549D-45F8-ABDB-304021E17FB8}.Release|x86.Build.0 = Release|x86
		{8E8C23FB-F96D-4302-9349-3D9966EE0D11}.Debug|Any CPU.ActiveCfg = Debug|Any CPU
		{8E8C23FB-F96D-4302-9349-3D9966EE0D11}.Debug|Any CPU.Build.0 = Debug|Any CPU
		{8E8C23FB-F96D-4302-9349-3D9966EE0D11}.Debug|Mixed Platforms.ActiveCfg = Debug|Any CPU
		{8E8C23FB-F96D-4302-9349-3D9966EE0D11}.Debug|Mixed Platforms.Build.0 = Debug|Any CPU
		{8E8C23FB-F96D-4302-9349-3D9966EE0D11}.Debug|x86.ActiveCfg = Debug|Any CPU
		{8E8C23FB-F96D-4302-9349-3D9966EE0D11}.Release|Any CPU.ActiveCfg = Debug|Any CPU
		{8E8C23FB-F96D-4302-9349-3D9966EE0D11}.Release|Any CPU.Build.0 = Debug|Any CPU
		{8E8C23FB-F96D-4302-9349-3D9966EE0D11}.Release|Mixed Platforms.ActiveCfg = Debug|Any CPU
		{8E8C23FB-F96D-4302-9349-3D9966EE0D11}.Release|Mixed Platforms.Build.0 = Debug|Any CPU
		{8E8C23FB-F96D-4302-9349-3D9966EE0D11}.Release|x86.ActiveCfg = Debug|Any CPU
	EndGlobalSection
	GlobalSection(SolutionProperties) = preSolution
		HideSolutionNode = FALSE
	EndGlobalSection
EndGlobal
